// !$*UTF8*$!
{
	archiveVersion = 1;
	classes = {
	};
	objectVersion = 56;
	objects = {

/* Begin PBXBuildFile section */
		AE1D83F62C1EC7CA00934C76 /* AppDelegate.swift in Sources */ = {isa = PBXBuildFile; fileRef = AE1D83F52C1EC7CA00934C76 /* AppDelegate.swift */; };
		AE1D83F82C1EC7CA00934C76 /* SceneDelegate.swift in Sources */ = {isa = PBXBuildFile; fileRef = AE1D83F72C1EC7CA00934C76 /* SceneDelegate.swift */; };
		AE1D83FA2C1EC7CA00934C76 /* PreviewImagesViewController.swift in Sources */ = {isa = PBXBuildFile; fileRef = AE1D83F92C1EC7CA00934C76 /* PreviewImagesViewController.swift */; };
		AE1D83FF2C1EC7CD00934C76 /* Assets.xcassets in Resources */ = {isa = PBXBuildFile; fileRef = AE1D83FE2C1EC7CD00934C76 /* Assets.xcassets */; };
		AE1D84022C1EC7CD00934C76 /* Base in Resources */ = {isa = PBXBuildFile; fileRef = AE1D84012C1EC7CD00934C76 /* Base */; };
		AE1D840B2C1EE27F00934C76 /* PreviewImagesViewModel.swift in Sources */ = {isa = PBXBuildFile; fileRef = AE1D840A2C1EE27F00934C76 /* PreviewImagesViewModel.swift */; };
		AE1D840E2C1EE34600934C76 /* NetworkManager.swift in Sources */ = {isa = PBXBuildFile; fileRef = AE1D840D2C1EE34600934C76 /* NetworkManager.swift */; };
		AE1D84112C1EE3A400934C76 /* ImagesCacheManager.swift in Sources */ = {isa = PBXBuildFile; fileRef = AE1D84102C1EE3A400934C76 /* ImagesCacheManager.swift */; };
		AE1D84132C1EE82700934C76 /* PreviewImageCollectionViewCell.swift in Sources */ = {isa = PBXBuildFile; fileRef = AE1D84122C1EE82700934C76 /* PreviewImageCollectionViewCell.swift */; };
		AE1D84162C1F018100934C76 /* ImageDetailViewController.swift in Sources */ = {isa = PBXBuildFile; fileRef = AE1D84152C1F018100934C76 /* ImageDetailViewController.swift */; };
		AE1D84192C1F05BB00934C76 /* ImageDetailViewModel.swift in Sources */ = {isa = PBXBuildFile; fileRef = AE1D84182C1F05BB00934C76 /* ImageDetailViewModel.swift */; };
/* End PBXBuildFile section */

/* Begin PBXFileReference section */
		AE1D83F22C1EC7CA00934C76 /* it-link.app */ = {isa = PBXFileReference; explicitFileType = wrapper.application; includeInIndex = 0; path = "it-link.app"; sourceTree = BUILT_PRODUCTS_DIR; };
		AE1D83F52C1EC7CA00934C76 /* AppDelegate.swift */ = {isa = PBXFileReference; lastKnownFileType = sourcecode.swift; path = AppDelegate.swift; sourceTree = "<group>"; };
		AE1D83F72C1EC7CA00934C76 /* SceneDelegate.swift */ = {isa = PBXFileReference; lastKnownFileType = sourcecode.swift; path = SceneDelegate.swift; sourceTree = "<group>"; };
		AE1D83F92C1EC7CA00934C76 /* PreviewImagesViewController.swift */ = {isa = PBXFileReference; lastKnownFileType = sourcecode.swift; path = PreviewImagesViewController.swift; sourceTree = "<group>"; };
		AE1D83FE2C1EC7CD00934C76 /* Assets.xcassets */ = {isa = PBXFileReference; lastKnownFileType = folder.assetcatalog; path = Assets.xcassets; sourceTree = "<group>"; };
		AE1D84012C1EC7CD00934C76 /* Base */ = {isa = PBXFileReference; lastKnownFileType = file.storyboard; name = Base; path = Base.lproj/LaunchScreen.storyboard; sourceTree = "<group>"; };
		AE1D84032C1EC7CD00934C76 /* Info.plist */ = {isa = PBXFileReference; lastKnownFileType = text.plist.xml; path = Info.plist; sourceTree = "<group>"; };
		AE1D840A2C1EE27F00934C76 /* PreviewImagesViewModel.swift */ = {isa = PBXFileReference; lastKnownFileType = sourcecode.swift; path = PreviewImagesViewModel.swift; sourceTree = "<group>"; };
		AE1D840D2C1EE34600934C76 /* NetworkManager.swift */ = {isa = PBXFileReference; lastKnownFileType = sourcecode.swift; path = NetworkManager.swift; sourceTree = "<group>"; };
		AE1D84102C1EE3A400934C76 /* ImagesCacheManager.swift */ = {isa = PBXFileReference; lastKnownFileType = sourcecode.swift; path = ImagesCacheManager.swift; sourceTree = "<group>"; };
		AE1D84122C1EE82700934C76 /* PreviewImageCollectionViewCell.swift */ = {isa = PBXFileReference; lastKnownFileType = sourcecode.swift; path = PreviewImageCollectionViewCell.swift; sourceTree = "<group>"; };
		AE1D84152C1F018100934C76 /* ImageDetailViewController.swift */ = {isa = PBXFileReference; lastKnownFileType = sourcecode.swift; path = ImageDetailViewController.swift; sourceTree = "<group>"; };
		AE1D84182C1F05BB00934C76 /* ImageDetailViewModel.swift */ = {isa = PBXFileReference; lastKnownFileType = sourcecode.swift; path = ImageDetailViewModel.swift; sourceTree = "<group>"; };
/* End PBXFileReference section */

/* Begin PBXFrameworksBuildPhase section */
		AE1D83EF2C1EC7CA00934C76 /* Frameworks */ = {
			isa = PBXFrameworksBuildPhase;
			buildActionMask = 2147483647;
			files = (
			);
			runOnlyForDeploymentPostprocessing = 0;
		};
/* End PBXFrameworksBuildPhase section */

/* Begin PBXGroup section */
		AE1D83E92C1EC7CA00934C76 = {
			isa = PBXGroup;
			children = (
				AE1D83F42C1EC7CA00934C76 /* it-link */,
				AE1D83F32C1EC7CA00934C76 /* Products */,
			);
			sourceTree = "<group>";
		};
		AE1D83F32C1EC7CA00934C76 /* Products */ = {
			isa = PBXGroup;
			children = (
				AE1D83F22C1EC7CA00934C76 /* it-link.app */,
			);
			name = Products;
			sourceTree = "<group>";
		};
		AE1D83F42C1EC7CA00934C76 /* it-link */ = {
			isa = PBXGroup;
			children = (
				AE1D84092C1EE25C00934C76 /* Resources */,
				AE1D840C2C1EE28B00934C76 /* PreviewImages */,
				AE1D84172C1F018B00934C76 /* ImageDetailViewController */,
				AE1D840F2C1EE34D00934C76 /* Services */,
				AE1D84032C1EC7CD00934C76 /* Info.plist */,
			);
			path = "it-link";
			sourceTree = "<group>";
		};
		AE1D84092C1EE25C00934C76 /* Resources */ = {
			isa = PBXGroup;
			children = (
				AE1D83F52C1EC7CA00934C76 /* AppDelegate.swift */,
				AE1D83F72C1EC7CA00934C76 /* SceneDelegate.swift */,
				AE1D83FE2C1EC7CD00934C76 /* Assets.xcassets */,
				AE1D84002C1EC7CD00934C76 /* LaunchScreen.storyboard */,
			);
			path = Resources;
			sourceTree = "<group>";
		};
		AE1D840C2C1EE28B00934C76 /* PreviewImages */ = {
			isa = PBXGroup;
			children = (
				AE1D83F92C1EC7CA00934C76 /* PreviewImagesViewController.swift */,
				AE1D840A2C1EE27F00934C76 /* PreviewImagesViewModel.swift */,
				AE1D84142C1EE83200934C76 /* Cell */,
			);
			path = PreviewImages;
			sourceTree = "<group>";
		};
		AE1D840F2C1EE34D00934C76 /* Services */ = {
			isa = PBXGroup;
			children = (
				AE1D840D2C1EE34600934C76 /* NetworkManager.swift */,
				AE1D84102C1EE3A400934C76 /* ImagesCacheManager.swift */,
			);
			path = Services;
			sourceTree = "<group>";
		};
		AE1D84142C1EE83200934C76 /* Cell */ = {
			isa = PBXGroup;
			children = (
				AE1D84122C1EE82700934C76 /* PreviewImageCollectionViewCell.swift */,
			);
			path = Cell;
			sourceTree = "<group>";
		};
		AE1D84172C1F018B00934C76 /* ImageDetailViewController */ = {
			isa = PBXGroup;
			children = (
				AE1D84152C1F018100934C76 /* ImageDetailViewController.swift */,
				AE1D84182C1F05BB00934C76 /* ImageDetailViewModel.swift */,
			);
			path = ImageDetailViewController;
			sourceTree = "<group>";
		};
/* End PBXGroup section */

/* Begin PBXNativeTarget section */
		AE1D83F12C1EC7CA00934C76 /* it-link */ = {
			isa = PBXNativeTarget;
			buildConfigurationList = AE1D84062C1EC7CD00934C76 /* Build configuration list for PBXNativeTarget "it-link" */;
			buildPhases = (
				AE1D83EE2C1EC7CA00934C76 /* Sources */,
				AE1D83EF2C1EC7CA00934C76 /* Frameworks */,
				AE1D83F02C1EC7CA00934C76 /* Resources */,
			);
			buildRules = (
			);
			dependencies = (
			);
			name = "it-link";
			productName = "it-link";
			productReference = AE1D83F22C1EC7CA00934C76 /* it-link.app */;
			productType = "com.apple.product-type.application";
		};
/* End PBXNativeTarget section */

/* Begin PBXProject section */
		AE1D83EA2C1EC7CA00934C76 /* Project object */ = {
			isa = PBXProject;
			attributes = {
				BuildIndependentTargetsInParallel = 1;
				LastSwiftUpdateCheck = 1530;
				LastUpgradeCheck = 1530;
				TargetAttributes = {
					AE1D83F12C1EC7CA00934C76 = {
						CreatedOnToolsVersion = 15.3;
					};
				};
			};
			buildConfigurationList = AE1D83ED2C1EC7CA00934C76 /* Build configuration list for PBXProject "it-link" */;
			compatibilityVersion = "Xcode 14.0";
			developmentRegion = en;
			hasScannedForEncodings = 0;
			knownRegions = (
				en,
				Base,
			);
			mainGroup = AE1D83E92C1EC7CA00934C76;
			productRefGroup = AE1D83F32C1EC7CA00934C76 /* Products */;
			projectDirPath = "";
			projectRoot = "";
			targets = (
				AE1D83F12C1EC7CA00934C76 /* it-link */,
			);
		};
/* End PBXProject section */

/* Begin PBXResourcesBuildPhase section */
		AE1D83F02C1EC7CA00934C76 /* Resources */ = {
			isa = PBXResourcesBuildPhase;
			buildActionMask = 2147483647;
			files = (
				AE1D83FF2C1EC7CD00934C76 /* Assets.xcassets in Resources */,
				AE1D84022C1EC7CD00934C76 /* Base in Resources */,
			);
			runOnlyForDeploymentPostprocessing = 0;
		};
/* End PBXResourcesBuildPhase section */

/* Begin PBXSourcesBuildPhase section */
		AE1D83EE2C1EC7CA00934C76 /* Sources */ = {
			isa = PBXSourcesBuildPhase;
			buildActionMask = 2147483647;
			files = (
				AE1D84192C1F05BB00934C76 /* ImageDetailViewModel.swift in Sources */,
				AE1D84112C1EE3A400934C76 /* ImagesCacheManager.swift in Sources */,
				AE1D83FA2C1EC7CA00934C76 /* PreviewImagesViewController.swift in Sources */,
				AE1D83F62C1EC7CA00934C76 /* AppDelegate.swift in Sources */,
				AE1D840E2C1EE34600934C76 /* NetworkManager.swift in Sources */,
				AE1D83F82C1EC7CA00934C76 /* SceneDelegate.swift in Sources */,
				AE1D84132C1EE82700934C76 /* PreviewImageCollectionViewCell.swift in Sources */,
				AE1D840B2C1EE27F00934C76 /* PreviewImagesViewModel.swift in Sources */,
				AE1D84162C1F018100934C76 /* ImageDetailViewController.swift in Sources */,
			);
			runOnlyForDeploymentPostprocessing = 0;
		};
/* End PBXSourcesBuildPhase section */

/* Begin PBXVariantGroup section */
		AE1D84002C1EC7CD00934C76 /* LaunchScreen.storyboard */ = {
			isa = PBXVariantGroup;
			children = (
				AE1D84012C1EC7CD00934C76 /* Base */,
			);
			name = LaunchScreen.storyboard;
			sourceTree = "<group>";
		};
/* End PBXVariantGroup section */

/* Begin XCBuildConfiguration section */
		AE1D84042C1EC7CD00934C76 /* Debug */ = {
			isa = XCBuildConfiguration;
			buildSettings = {
				ALWAYS_SEARCH_USER_PATHS = NO;
				ASSETCATALOG_COMPILER_GENERATE_SWIFT_ASSET_SYMBOL_EXTENSIONS = YES;
				CLANG_ANALYZER_NONNULL = YES;
				CLANG_ANALYZER_NUMBER_OBJECT_CONVERSION = YES_AGGRESSIVE;
				CLANG_CXX_LANGUAGE_STANDARD = "gnu++20";
				CLANG_ENABLE_MODULES = YES;
				CLANG_ENABLE_OBJC_ARC = YES;
				CLANG_ENABLE_OBJC_WEAK = YES;
				CLANG_WARN_BLOCK_CAPTURE_AUTORELEASING = YES;
				CLANG_WARN_BOOL_CONVERSION = YES;
				CLANG_WARN_COMMA = YES;
				CLANG_WARN_CONSTANT_CONVERSION = YES;
				CLANG_WARN_DEPRECATED_OBJC_IMPLEMENTATIONS = YES;
				CLANG_WARN_DIRECT_OBJC_ISA_USAGE = YES_ERROR;
				CLANG_WARN_DOCUMENTATION_COMMENTS = YES;
				CLANG_WARN_EMPTY_BODY = YES;
				CLANG_WARN_ENUM_CONVERSION = YES;
				CLANG_WARN_INFINITE_RECURSION = YES;
				CLANG_WARN_INT_CONVERSION = YES;
				CLANG_WARN_NON_LITERAL_NULL_CONVERSION = YES;
				CLANG_WARN_OBJC_IMPLICIT_RETAIN_SELF = YES;
				CLANG_WARN_OBJC_LITERAL_CONVERSION = YES;
				CLANG_WARN_OBJC_ROOT_CLASS = YES_ERROR;
				CLANG_WARN_QUOTED_INCLUDE_IN_FRAMEWORK_HEADER = YES;
				CLANG_WARN_RANGE_LOOP_ANALYSIS = YES;
				CLANG_WARN_STRICT_PROTOTYPES = YES;
				CLANG_WARN_SUSPICIOUS_MOVE = YES;
				CLANG_WARN_UNGUARDED_AVAILABILITY = YES_AGGRESSIVE;
				CLANG_WARN_UNREACHABLE_CODE = YES;
				CLANG_WARN__DUPLICATE_METHOD_MATCH = YES;
				COPY_PHASE_STRIP = NO;
				DEBUG_INFORMATION_FORMAT = dwarf;
				ENABLE_STRICT_OBJC_MSGSEND = YES;
				ENABLE_TESTABILITY = YES;
				ENABLE_USER_SCRIPT_SANDBOXING = YES;
				GCC_C_LANGUAGE_STANDARD = gnu17;
				GCC_DYNAMIC_NO_PIC = NO;
				GCC_NO_COMMON_BLOCKS = YES;
				GCC_OPTIMIZATION_LEVEL = 0;
				GCC_PREPROCESSOR_DEFINITIONS = (
					"DEBUG=1",
					"$(inherited)",
				);
				GCC_WARN_64_TO_32_BIT_CONVERSION = YES;
				GCC_WARN_ABOUT_RETURN_TYPE = YES_ERROR;
				GCC_WARN_UNDECLARED_SELECTOR = YES;
				GCC_WARN_UNINITIALIZED_AUTOS = YES_AGGRESSIVE;
				GCC_WARN_UNUSED_FUNCTION = YES;
				GCC_WARN_UNUSED_VARIABLE = YES;
				IPHONEOS_DEPLOYMENT_TARGET = 17.4;
				LOCALIZATION_PREFERS_STRING_CATALOGS = YES;
				MTL_ENABLE_DEBUG_INFO = INCLUDE_SOURCE;
				MTL_FAST_MATH = YES;
				ONLY_ACTIVE_ARCH = YES;
				SDKROOT = iphoneos;
				SWIFT_ACTIVE_COMPILATION_CONDITIONS = "DEBUG $(inherited)";
				SWIFT_OPTIMIZATION_LEVEL = "-Onone";
			};
			name = Debug;
		};
		AE1D84052C1EC7CD00934C76 /* Release */ = {
			isa = XCBuildConfiguration;
			buildSettings = {
				ALWAYS_SEARCH_USER_PATHS = NO;
				ASSETCATALOG_COMPILER_GENERATE_SWIFT_ASSET_SYMBOL_EXTENSIONS = YES;
				CLANG_ANALYZER_NONNULL = YES;
				CLANG_ANALYZER_NUMBER_OBJECT_CONVERSION = YES_AGGRESSIVE;
				CLANG_CXX_LANGUAGE_STANDARD = "gnu++20";
				CLANG_ENABLE_MODULES = YES;
				CLANG_ENABLE_OBJC_ARC = YES;
				CLANG_ENABLE_OBJC_WEAK = YES;
				CLANG_WARN_BLOCK_CAPTURE_AUTORELEASING = YES;
				CLANG_WARN_BOOL_CONVERSION = YES;
				CLANG_WARN_COMMA = YES;
				CLANG_WARN_CONSTANT_CONVERSION = YES;
				CLANG_WARN_DEPRECATED_OBJC_IMPLEMENTATIONS = YES;
				CLANG_WARN_DIRECT_OBJC_ISA_USAGE = YES_ERROR;
				CLANG_WARN_DOCUMENTATION_COMMENTS = YES;
				CLANG_WARN_EMPTY_BODY = YES;
				CLANG_WARN_ENUM_CONVERSION = YES;
				CLANG_WARN_INFINITE_RECURSION = YES;
				CLANG_WARN_INT_CONVERSION = YES;
				CLANG_WARN_NON_LITERAL_NULL_CONVERSION = YES;
				CLANG_WARN_OBJC_IMPLICIT_RETAIN_SELF = YES;
				CLANG_WARN_OBJC_LITERAL_CONVERSION = YES;
				CLANG_WARN_OBJC_ROOT_CLASS = YES_ERROR;
				CLANG_WARN_QUOTED_INCLUDE_IN_FRAMEWORK_HEADER = YES;
				CLANG_WARN_RANGE_LOOP_ANALYSIS = YES;
				CLANG_WARN_STRICT_PROTOTYPES = YES;
				CLANG_WARN_SUSPICIOUS_MOVE = YES;
				CLANG_WARN_UNGUARDED_AVAILABILITY = YES_AGGRESSIVE;
				CLANG_WARN_UNREACHABLE_CODE = YES;
				CLANG_WARN__DUPLICATE_METHOD_MATCH = YES;
				COPY_PHASE_STRIP = NO;
				DEBUG_INFORMATION_FORMAT = "dwarf-with-dsym";
				ENABLE_NS_ASSERTIONS = NO;
				ENABLE_STRICT_OBJC_MSGSEND = YES;
				ENABLE_USER_SCRIPT_SANDBOXING = YES;
				GCC_C_LANGUAGE_STANDARD = gnu17;
				GCC_NO_COMMON_BLOCKS = YES;
				GCC_WARN_64_TO_32_BIT_CONVERSION = YES;
				GCC_WARN_ABOUT_RETURN_TYPE = YES_ERROR;
				GCC_WARN_UNDECLARED_SELECTOR = YES;
				GCC_WARN_UNINITIALIZED_AUTOS = YES_AGGRESSIVE;
				GCC_WARN_UNUSED_FUNCTION = YES;
				GCC_WARN_UNUSED_VARIABLE = YES;
				IPHONEOS_DEPLOYMENT_TARGET = 17.4;
				LOCALIZATION_PREFERS_STRING_CATALOGS = YES;
				MTL_ENABLE_DEBUG_INFO = NO;
				MTL_FAST_MATH = YES;
				SDKROOT = iphoneos;
				SWIFT_COMPILATION_MODE = wholemodule;
				VALIDATE_PRODUCT = YES;
			};
			name = Release;
		};
		AE1D84072C1EC7CD00934C76 /* Debug */ = {
			isa = XCBuildConfiguration;
			buildSettings = {
				ASSETCATALOG_COMPILER_APPICON_NAME = AppIcon;
				ASSETCATALOG_COMPILER_GLOBAL_ACCENT_COLOR_NAME = AccentColor;
				CODE_SIGN_STYLE = Automatic;
				CURRENT_PROJECT_VERSION = 1;
				DEVELOPMENT_TEAM = 9Y94J8V38R;
				GENERATE_INFOPLIST_FILE = YES;
				INFOPLIST_FILE = "it-link/Info.plist";
				INFOPLIST_KEY_UIApplicationSupportsIndirectInputEvents = YES;
				INFOPLIST_KEY_UILaunchStoryboardName = LaunchScreen;
				INFOPLIST_KEY_UISupportedInterfaceOrientations_iPad = "UIInterfaceOrientationPortrait UIInterfaceOrientationPortraitUpsideDown UIInterfaceOrientationLandscapeLeft UIInterfaceOrientationLandscapeRight";
				INFOPLIST_KEY_UISupportedInterfaceOrientations_iPhone = "UIInterfaceOrientationPortrait UIInterfaceOrientationLandscapeLeft UIInterfaceOrientationLandscapeRight";
				LD_RUNPATH_SEARCH_PATHS = (
					"$(inherited)",
					"@executable_path/Frameworks",
				);
				MARKETING_VERSION = 1.0;
				PRODUCT_BUNDLE_IDENTIFIER = "com.aleksandrVorobey.testEffectiveMobile.it-link";
				PRODUCT_NAME = "$(TARGET_NAME)";
				SWIFT_EMIT_LOC_STRINGS = YES;
				SWIFT_VERSION = 5.0;
				TARGETED_DEVICE_FAMILY = "1,2";
			};
			name = Debug;
		};
		AE1D84082C1EC7CD00934C76 /* Release */ = {
			isa = XCBuildConfiguration;
			buildSettings = {
				ASSETCATALOG_COMPILER_APPICON_NAME = AppIcon;
				ASSETCATALOG_COMPILER_GLOBAL_ACCENT_COLOR_NAME = AccentColor;
				CODE_SIGN_STYLE = Automatic;
				CURRENT_PROJECT_VERSION = 1;
				DEVELOPMENT_TEAM = 9Y94J8V38R;
				GENERATE_INFOPLIST_FILE = YES;
				INFOPLIST_FILE = "it-link/Info.plist";
				INFOPLIST_KEY_UIApplicationSupportsIndirectInputEvents = YES;
				INFOPLIST_KEY_UILaunchStoryboardName = LaunchScreen;
				INFOPLIST_KEY_UISupportedInterfaceOrientations_iPad = "UIInterfaceOrientationPortrait UIInterfaceOrientationPortraitUpsideDown UIInterfaceOrientationLandscapeLeft UIInterfaceOrientationLandscapeRight";
				INFOPLIST_KEY_UISupportedInterfaceOrientations_iPhone = "UIInterfaceOrientationPortrait UIInterfaceOrientationLandscapeLeft UIInterfaceOrientationLandscapeRight";
				LD_RUNPATH_SEARCH_PATHS = (
					"$(inherited)",
					"@executable_path/Frameworks",
				);
				MARKETING_VERSION = 1.0;
				PRODUCT_BUNDLE_IDENTIFIER = "com.aleksandrVorobey.testEffectiveMobile.it-link";
				PRODUCT_NAME = "$(TARGET_NAME)";
				SWIFT_EMIT_LOC_STRINGS = YES;
				SWIFT_VERSION = 5.0;
				TARGETED_DEVICE_FAMILY = "1,2";
			};
			name = Release;
		};
/* End XCBuildConfiguration section */

/* Begin XCConfigurationList section */
		AE1D83ED2C1EC7CA00934C76 /* Build configuration list for PBXProject "it-link" */ = {
			isa = XCConfigurationList;
			buildConfigurations = (
				AE1D84042C1EC7CD00934C76 /* Debug */,
				AE1D84052C1EC7CD00934C76 /* Release */,
			);
			defaultConfigurationIsVisible = 0;
			defaultConfigurationName = Release;
		};
		AE1D84062C1EC7CD00934C76 /* Build configuration list for PBXNativeTarget "it-link" */ = {
			isa = XCConfigurationList;
			buildConfigurations = (
				AE1D84072C1EC7CD00934C76 /* Debug */,
				AE1D84082C1EC7CD00934C76 /* Release */,
			);
			defaultConfigurationIsVisible = 0;
			defaultConfigurationName = Release;
		};
/* End XCConfigurationList section */
	};
	rootObject = AE1D83EA2C1EC7CA00934C76 /* Project object */;
}
